
Microsoft Visual Studio Solution File, Format Version 12.00
# Visual Studio 14
VisualStudioVersion = 14.0.25420.1
MinimumVisualStudioVersion = 10.0.40219.1
Project("{2150E333-8FDC-42A3-9474-1A3956D46DE8}") = "src", "src", "{C30A32CA-4440-45E3-98D1-AEB189F775C3}"
EndProject
Project("{2150E333-8FDC-42A3-9474-1A3956D46DE8}") = "Solution Items", "Solution Items", "{A2DD68C0-AE5B-45BA-8FE6-619DAA3B458D}"
	ProjectSection(SolutionItems) = preProject
		global.json = global.json
	EndProjectSection
EndProject
Project("{8BB2217D-0F2D-49D1-97BC-3654ED321F3B}") = "TestConsoleApp1", "src\TestConsoleApp1\TestConsoleApp1.xproj", "{64AFF34E-BC32-4F3B-8554-F578882D7A29}"
EndProject
Global
	GlobalSection(SolutionConfigurationPlatforms) = preSolution
		Debug|Any CPU = Debug|Any CPU
		Release|Any CPU = Release|Any CPU
	EndGlobalSection
	GlobalSection(ProjectConfigurationPlatforms) = postSolution
		{64AFF34E-BC32-4F3B-8554-F578882D7A29}.Debug|Any CPU.ActiveCfg = Debug|Any CPU
		{64AFF34E-BC32-4F3B-8554-F578882D7A29}.Debug|Any CPU.Build.0 = Debug|Any CPU
		{64AFF34E-BC32-4F3B-8554-F578882D7A29}.Release|Any CPU.ActiveCfg = Release|Any CPU
		{64AFF34E-BC32-4F3B-8554-F578882D7A29}.Release|Any CPU.Build.0 = Release|Any CPU
	EndGlobalSection
	GlobalSection(SolutionProperties) = preSolution
		HideSolutionNode = FALSE
	EndGlobalSection
	GlobalSection(NestedProjects) = preSolution
		{64AFF34E-BC32-4F3B-8554-F578882D7A29} = {C30A32CA-4440-45E3-98D1-AEB189F775C3}
	EndGlobalSection
EndGlobal
